// !$*UTF8*$!
{
	archiveVersion = 1;
	classes = {
	};
	objectVersion = 56;
	objects = {

/* Begin PBXBuildFile section */
		4E58EF162C3D137A008AB47D /* GithubUsersApp.swift in Sources */ = {isa = PBXBuildFile; fileRef = 4E58EF152C3D137A008AB47D /* GithubUsersApp.swift */; };
		4E58EF182C3D137A008AB47D /* ContentView.swift in Sources */ = {isa = PBXBuildFile; fileRef = 4E58EF172C3D137A008AB47D /* ContentView.swift */; };
		4E58EF1A2C3D137A008AB47D /* Item.swift in Sources */ = {isa = PBXBuildFile; fileRef = 4E58EF192C3D137A008AB47D /* Item.swift */; };
		4E58EF1C2C3D137B008AB47D /* Assets.xcassets in Resources */ = {isa = PBXBuildFile; fileRef = 4E58EF1B2C3D137B008AB47D /* Assets.xcassets */; };
		4E58EF1F2C3D137B008AB47D /* Preview Assets.xcassets in Resources */ = {isa = PBXBuildFile; fileRef = 4E58EF1E2C3D137B008AB47D /* Preview Assets.xcassets */; };
		4E58EF292C3D137B008AB47D /* GithubUsersTests.swift in Sources */ = {isa = PBXBuildFile; fileRef = 4E58EF282C3D137B008AB47D /* GithubUsersTests.swift */; };
		4E58EF332C3D137B008AB47D /* GithubUsersUITests.swift in Sources */ = {isa = PBXBuildFile; fileRef = 4E58EF322C3D137B008AB47D /* GithubUsersUITests.swift */; };
		4E58EF352C3D137B008AB47D /* GithubUsersUITestsLaunchTests.swift in Sources */ = {isa = PBXBuildFile; fileRef = 4E58EF342C3D137B008AB47D /* GithubUsersUITestsLaunchTests.swift */; };
		4E58EF452C3D1B0D008AB47D /* Endpoint.swift in Sources */ = {isa = PBXBuildFile; fileRef = 4E58EF442C3D1B0D008AB47D /* Endpoint.swift */; };
		4E58EF482C3D1BEF008AB47D /* NetworkService.swift in Sources */ = {isa = PBXBuildFile; fileRef = 4E58EF472C3D1BEF008AB47D /* NetworkService.swift */; };
		4E58EF4B2C3D1E25008AB47D /* GithubEnpoint.swift in Sources */ = {isa = PBXBuildFile; fileRef = 4E58EF4A2C3D1E25008AB47D /* GithubEnpoint.swift */; };
		4E58EF4D2C3D243E008AB47D /* UsersEndpoint.swift in Sources */ = {isa = PBXBuildFile; fileRef = 4E58EF4C2C3D243E008AB47D /* UsersEndpoint.swift */; };
		4E58EF4F2C3D2D50008AB47D /* GithubNetworkClient.swift in Sources */ = {isa = PBXBuildFile; fileRef = 4E58EF4E2C3D2D50008AB47D /* GithubNetworkClient.swift */; };
		4E58EF522C3D2DA1008AB47D /* GithubUser.swift in Sources */ = {isa = PBXBuildFile; fileRef = 4E58EF512C3D2DA1008AB47D /* GithubUser.swift */; };
		4E58EF552C3D315E008AB47D /* GithubUserResponse.swift in Sources */ = {isa = PBXBuildFile; fileRef = 4E58EF542C3D315E008AB47D /* GithubUserResponse.swift */; };
		4E58EF5B2C3D5A39008AB47D /* GithubUserAdapter.swift in Sources */ = {isa = PBXBuildFile; fileRef = 4E58EF5A2C3D5A39008AB47D /* GithubUserAdapter.swift */; };
		4E58EF5F2C3D5F39008AB47D /* UserListView.swift in Sources */ = {isa = PBXBuildFile; fileRef = 4E58EF5E2C3D5F39008AB47D /* UserListView.swift */; };
		4E58EF612C3D697A008AB47D /* UserRowView.swift in Sources */ = {isa = PBXBuildFile; fileRef = 4E58EF602C3D697A008AB47D /* UserRowView.swift */; };
/* End PBXBuildFile section */

/* Begin PBXContainerItemProxy section */
		4E58EF252C3D137B008AB47D /* PBXContainerItemProxy */ = {
			isa = PBXContainerItemProxy;
			containerPortal = 4E58EF0A2C3D137A008AB47D /* Project object */;
			proxyType = 1;
			remoteGlobalIDString = 4E58EF112C3D137A008AB47D;
			remoteInfo = GithubUsers;
		};
		4E58EF2F2C3D137B008AB47D /* PBXContainerItemProxy */ = {
			isa = PBXContainerItemProxy;
			containerPortal = 4E58EF0A2C3D137A008AB47D /* Project object */;
			proxyType = 1;
			remoteGlobalIDString = 4E58EF112C3D137A008AB47D;
			remoteInfo = GithubUsers;
		};
/* End PBXContainerItemProxy section */

/* Begin PBXFileReference section */
		4E58EF122C3D137A008AB47D /* GithubUsers.app */ = {isa = PBXFileReference; explicitFileType = wrapper.application; includeInIndex = 0; path = GithubUsers.app; sourceTree = BUILT_PRODUCTS_DIR; };
		4E58EF152C3D137A008AB47D /* GithubUsersApp.swift */ = {isa = PBXFileReference; lastKnownFileType = sourcecode.swift; path = GithubUsersApp.swift; sourceTree = "<group>"; };
		4E58EF172C3D137A008AB47D /* ContentView.swift */ = {isa = PBXFileReference; lastKnownFileType = sourcecode.swift; path = ContentView.swift; sourceTree = "<group>"; };
		4E58EF192C3D137A008AB47D /* Item.swift */ = {isa = PBXFileReference; lastKnownFileType = sourcecode.swift; path = Item.swift; sourceTree = "<group>"; };
		4E58EF1B2C3D137B008AB47D /* Assets.xcassets */ = {isa = PBXFileReference; lastKnownFileType = folder.assetcatalog; path = Assets.xcassets; sourceTree = "<group>"; };
		4E58EF1E2C3D137B008AB47D /* Preview Assets.xcassets */ = {isa = PBXFileReference; lastKnownFileType = folder.assetcatalog; path = "Preview Assets.xcassets"; sourceTree = "<group>"; };
		4E58EF242C3D137B008AB47D /* GithubUsersTests.xctest */ = {isa = PBXFileReference; explicitFileType = wrapper.cfbundle; includeInIndex = 0; path = GithubUsersTests.xctest; sourceTree = BUILT_PRODUCTS_DIR; };
		4E58EF282C3D137B008AB47D /* GithubUsersTests.swift */ = {isa = PBXFileReference; lastKnownFileType = sourcecode.swift; path = GithubUsersTests.swift; sourceTree = "<group>"; };
		4E58EF2E2C3D137B008AB47D /* GithubUsersUITests.xctest */ = {isa = PBXFileReference; explicitFileType = wrapper.cfbundle; includeInIndex = 0; path = GithubUsersUITests.xctest; sourceTree = BUILT_PRODUCTS_DIR; };
		4E58EF322C3D137B008AB47D /* GithubUsersUITests.swift */ = {isa = PBXFileReference; lastKnownFileType = sourcecode.swift; path = GithubUsersUITests.swift; sourceTree = "<group>"; };
		4E58EF342C3D137B008AB47D /* GithubUsersUITestsLaunchTests.swift */ = {isa = PBXFileReference; lastKnownFileType = sourcecode.swift; path = GithubUsersUITestsLaunchTests.swift; sourceTree = "<group>"; };
		4E58EF442C3D1B0D008AB47D /* Endpoint.swift */ = {isa = PBXFileReference; lastKnownFileType = sourcecode.swift; path = Endpoint.swift; sourceTree = "<group>"; };
		4E58EF472C3D1BEF008AB47D /* NetworkService.swift */ = {isa = PBXFileReference; lastKnownFileType = sourcecode.swift; path = NetworkService.swift; sourceTree = "<group>"; };
		4E58EF4A2C3D1E25008AB47D /* GithubEnpoint.swift */ = {isa = PBXFileReference; lastKnownFileType = sourcecode.swift; path = GithubEnpoint.swift; sourceTree = "<group>"; };
		4E58EF4C2C3D243E008AB47D /* UsersEndpoint.swift */ = {isa = PBXFileReference; lastKnownFileType = sourcecode.swift; path = UsersEndpoint.swift; sourceTree = "<group>"; };
		4E58EF4E2C3D2D50008AB47D /* GithubNetworkClient.swift */ = {isa = PBXFileReference; lastKnownFileType = sourcecode.swift; path = GithubNetworkClient.swift; sourceTree = "<group>"; };
		4E58EF512C3D2DA1008AB47D /* GithubUser.swift */ = {isa = PBXFileReference; lastKnownFileType = sourcecode.swift; path = GithubUser.swift; sourceTree = "<group>"; };
		4E58EF542C3D315E008AB47D /* GithubUserResponse.swift */ = {isa = PBXFileReference; lastKnownFileType = sourcecode.swift; path = GithubUserResponse.swift; sourceTree = "<group>"; };
		4E58EF5A2C3D5A39008AB47D /* GithubUserAdapter.swift */ = {isa = PBXFileReference; lastKnownFileType = sourcecode.swift; path = GithubUserAdapter.swift; sourceTree = "<group>"; };
		4E58EF5E2C3D5F39008AB47D /* UserListView.swift */ = {isa = PBXFileReference; lastKnownFileType = sourcecode.swift; path = UserListView.swift; sourceTree = "<group>"; };
		4E58EF602C3D697A008AB47D /* UserRowView.swift */ = {isa = PBXFileReference; lastKnownFileType = sourcecode.swift; path = UserRowView.swift; sourceTree = "<group>"; };
/* End PBXFileReference section */

/* Begin PBXFrameworksBuildPhase section */
		4E58EF0F2C3D137A008AB47D /* Frameworks */ = {
			isa = PBXFrameworksBuildPhase;
			buildActionMask = 2147483647;
			files = (
			);
			runOnlyForDeploymentPostprocessing = 0;
		};
		4E58EF212C3D137B008AB47D /* Frameworks */ = {
			isa = PBXFrameworksBuildPhase;
			buildActionMask = 2147483647;
			files = (
			);
			runOnlyForDeploymentPostprocessing = 0;
		};
		4E58EF2B2C3D137B008AB47D /* Frameworks */ = {
			isa = PBXFrameworksBuildPhase;
			buildActionMask = 2147483647;
			files = (
			);
			runOnlyForDeploymentPostprocessing = 0;
		};
/* End PBXFrameworksBuildPhase section */

/* Begin PBXGroup section */
		4E58EF092C3D137A008AB47D = {
			isa = PBXGroup;
			children = (
				4E58EF142C3D137A008AB47D /* GithubUsers */,
				4E58EF272C3D137B008AB47D /* GithubUsersTests */,
				4E58EF312C3D137B008AB47D /* GithubUsersUITests */,
				4E58EF132C3D137A008AB47D /* Products */,
			);
			sourceTree = "<group>";
		};
		4E58EF132C3D137A008AB47D /* Products */ = {
			isa = PBXGroup;
			children = (
				4E58EF122C3D137A008AB47D /* GithubUsers.app */,
				4E58EF242C3D137B008AB47D /* GithubUsersTests.xctest */,
				4E58EF2E2C3D137B008AB47D /* GithubUsersUITests.xctest */,
			);
			name = Products;
			sourceTree = "<group>";
		};
		4E58EF142C3D137A008AB47D /* GithubUsers */ = {
			isa = PBXGroup;
			children = (
				4E58EF152C3D137A008AB47D /* GithubUsersApp.swift */,
				4E58EF5C2C3D5EFB008AB47D /* Views */,
				4E58EF592C3D5932008AB47D /* Adapters */,
				4E58EF502C3D2D8A008AB47D /* Model */,
				4E58EF412C3D1AA0008AB47D /* Network */,
				4E58EF192C3D137A008AB47D /* Item.swift */,
				4E58EF1B2C3D137B008AB47D /* Assets.xcassets */,
				4E58EF1D2C3D137B008AB47D /* Preview Content */,
			);
			path = GithubUsers;
			sourceTree = "<group>";
		};
		4E58EF1D2C3D137B008AB47D /* Preview Content */ = {
			isa = PBXGroup;
			children = (
				4E58EF1E2C3D137B008AB47D /* Preview Assets.xcassets */,
			);
			path = "Preview Content";
			sourceTree = "<group>";
		};
		4E58EF272C3D137B008AB47D /* GithubUsersTests */ = {
			isa = PBXGroup;
			children = (
				4E58EF282C3D137B008AB47D /* GithubUsersTests.swift */,
			);
			path = GithubUsersTests;
			sourceTree = "<group>";
		};
		4E58EF312C3D137B008AB47D /* GithubUsersUITests */ = {
			isa = PBXGroup;
			children = (
				4E58EF322C3D137B008AB47D /* GithubUsersUITests.swift */,
				4E58EF342C3D137B008AB47D /* GithubUsersUITestsLaunchTests.swift */,
			);
			path = GithubUsersUITests;
			sourceTree = "<group>";
		};
		4E58EF412C3D1AA0008AB47D /* Network */ = {
			isa = PBXGroup;
			children = (
				4E58EF432C3D1AB8008AB47D /* Client */,
				4E58EF422C3D1AB1008AB47D /* Service */,
			);
			path = Network;
			sourceTree = "<group>";
		};
		4E58EF422C3D1AB1008AB47D /* Service */ = {
			isa = PBXGroup;
			children = (
				4E58EF442C3D1B0D008AB47D /* Endpoint.swift */,
				4E58EF472C3D1BEF008AB47D /* NetworkService.swift */,
			);
			path = Service;
			sourceTree = "<group>";
		};
		4E58EF432C3D1AB8008AB47D /* Client */ = {
			isa = PBXGroup;
			children = (
				4E58EF532C3D313A008AB47D /* Model */,
				4E58EF492C3D1D7B008AB47D /* Endpoints */,
				4E58EF4E2C3D2D50008AB47D /* GithubNetworkClient.swift */,
			);
			path = Client;
			sourceTree = "<group>";
		};
		4E58EF492C3D1D7B008AB47D /* Endpoints */ = {
			isa = PBXGroup;
			children = (
				4E58EF4A2C3D1E25008AB47D /* GithubEnpoint.swift */,
				4E58EF4C2C3D243E008AB47D /* UsersEndpoint.swift */,
			);
			path = Endpoints;
			sourceTree = "<group>";
		};
		4E58EF502C3D2D8A008AB47D /* Model */ = {
			isa = PBXGroup;
			children = (
				4E58EF512C3D2DA1008AB47D /* GithubUser.swift */,
			);
			path = Model;
			sourceTree = "<group>";
		};
		4E58EF532C3D313A008AB47D /* Model */ = {
			isa = PBXGroup;
			children = (
				4E58EF542C3D315E008AB47D /* GithubUserResponse.swift */,
			);
			path = Model;
			sourceTree = "<group>";
		};
		4E58EF592C3D5932008AB47D /* Adapters */ = {
			isa = PBXGroup;
			children = (
				4E58EF5A2C3D5A39008AB47D /* GithubUserAdapter.swift */,
			);
			path = Adapters;
			sourceTree = "<group>";
		};
		4E58EF5C2C3D5EFB008AB47D /* Views */ = {
			isa = PBXGroup;
			children = (
				4E58EF5D2C3D5F0C008AB47D /* Users */,
				4E58EF172C3D137A008AB47D /* ContentView.swift */,
			);
			path = Views;
			sourceTree = "<group>";
		};
		4E58EF5D2C3D5F0C008AB47D /* Users */ = {
			isa = PBXGroup;
			children = (
				4E58EF5E2C3D5F39008AB47D /* UserListView.swift */,
				4E58EF602C3D697A008AB47D /* UserRowView.swift */,
			);
			path = Users;
			sourceTree = "<group>";
		};
/* End PBXGroup section */

/* Begin PBXNativeTarget section */
		4E58EF112C3D137A008AB47D /* GithubUsers */ = {
			isa = PBXNativeTarget;
			buildConfigurationList = 4E58EF382C3D137B008AB47D /* Build configuration list for PBXNativeTarget "GithubUsers" */;
			buildPhases = (
				4E58EF0E2C3D137A008AB47D /* Sources */,
				4E58EF0F2C3D137A008AB47D /* Frameworks */,
				4E58EF102C3D137A008AB47D /* Resources */,
			);
			buildRules = (
			);
			dependencies = (
			);
			name = GithubUsers;
			productName = GithubUsers;
			productReference = 4E58EF122C3D137A008AB47D /* GithubUsers.app */;
			productType = "com.apple.product-type.application";
		};
		4E58EF232C3D137B008AB47D /* GithubUsersTests */ = {
			isa = PBXNativeTarget;
			buildConfigurationList = 4E58EF3B2C3D137B008AB47D /* Build configuration list for PBXNativeTarget "GithubUsersTests" */;
			buildPhases = (
				4E58EF202C3D137B008AB47D /* Sources */,
				4E58EF212C3D137B008AB47D /* Frameworks */,
				4E58EF222C3D137B008AB47D /* Resources */,
			);
			buildRules = (
			);
			dependencies = (
				4E58EF262C3D137B008AB47D /* PBXTargetDependency */,
			);
			name = GithubUsersTests;
			productName = GithubUsersTests;
			productReference = 4E58EF242C3D137B008AB47D /* GithubUsersTests.xctest */;
			productType = "com.apple.product-type.bundle.unit-test";
		};
		4E58EF2D2C3D137B008AB47D /* GithubUsersUITests */ = {
			isa = PBXNativeTarget;
			buildConfigurationList = 4E58EF3E2C3D137B008AB47D /* Build configuration list for PBXNativeTarget "GithubUsersUITests" */;
			buildPhases = (
				4E58EF2A2C3D137B008AB47D /* Sources */,
				4E58EF2B2C3D137B008AB47D /* Frameworks */,
				4E58EF2C2C3D137B008AB47D /* Resources */,
			);
			buildRules = (
			);
			dependencies = (
				4E58EF302C3D137B008AB47D /* PBXTargetDependency */,
			);
			name = GithubUsersUITests;
			productName = GithubUsersUITests;
			productReference = 4E58EF2E2C3D137B008AB47D /* GithubUsersUITests.xctest */;
			productType = "com.apple.product-type.bundle.ui-testing";
		};
/* End PBXNativeTarget section */

/* Begin PBXProject section */
		4E58EF0A2C3D137A008AB47D /* Project object */ = {
			isa = PBXProject;
			attributes = {
				BuildIndependentTargetsInParallel = 1;
				LastSwiftUpdateCheck = 1540;
				LastUpgradeCheck = 1540;
				TargetAttributes = {
					4E58EF112C3D137A008AB47D = {
						CreatedOnToolsVersion = 15.4;
					};
					4E58EF232C3D137B008AB47D = {
						CreatedOnToolsVersion = 15.4;
						TestTargetID = 4E58EF112C3D137A008AB47D;
					};
					4E58EF2D2C3D137B008AB47D = {
						CreatedOnToolsVersion = 15.4;
						TestTargetID = 4E58EF112C3D137A008AB47D;
					};
				};
			};
			buildConfigurationList = 4E58EF0D2C3D137A008AB47D /* Build configuration list for PBXProject "GithubUsers" */;
			compatibilityVersion = "Xcode 14.0";
			developmentRegion = en;
			hasScannedForEncodings = 0;
			knownRegions = (
				en,
				Base,
			);
			mainGroup = 4E58EF092C3D137A008AB47D;
			productRefGroup = 4E58EF132C3D137A008AB47D /* Products */;
			projectDirPath = "";
			projectRoot = "";
			targets = (
				4E58EF112C3D137A008AB47D /* GithubUsers */,
				4E58EF232C3D137B008AB47D /* GithubUsersTests */,
				4E58EF2D2C3D137B008AB47D /* GithubUsersUITests */,
			);
		};
/* End PBXProject section */

/* Begin PBXResourcesBuildPhase section */
		4E58EF102C3D137A008AB47D /* Resources */ = {
			isa = PBXResourcesBuildPhase;
			buildActionMask = 2147483647;
			files = (
				4E58EF1F2C3D137B008AB47D /* Preview Assets.xcassets in Resources */,
				4E58EF1C2C3D137B008AB47D /* Assets.xcassets in Resources */,
			);
			runOnlyForDeploymentPostprocessing = 0;
		};
		4E58EF222C3D137B008AB47D /* Resources */ = {
			isa = PBXResourcesBuildPhase;
			buildActionMask = 2147483647;
			files = (
			);
			runOnlyForDeploymentPostprocessing = 0;
		};
		4E58EF2C2C3D137B008AB47D /* Resources */ = {
			isa = PBXResourcesBuildPhase;
			buildActionMask = 2147483647;
			files = (
			);
			runOnlyForDeploymentPostprocessing = 0;
		};
/* End PBXResourcesBuildPhase section */

/* Begin PBXSourcesBuildPhase section */
		4E58EF0E2C3D137A008AB47D /* Sources */ = {
			isa = PBXSourcesBuildPhase;
			buildActionMask = 2147483647;
			files = (
				4E58EF612C3D697A008AB47D /* UserRowView.swift in Sources */,
				4E58EF4F2C3D2D50008AB47D /* GithubNetworkClient.swift in Sources */,
				4E58EF482C3D1BEF008AB47D /* NetworkService.swift in Sources */,
				4E58EF182C3D137A008AB47D /* ContentView.swift in Sources */,
				4E58EF4B2C3D1E25008AB47D /* GithubEnpoint.swift in Sources */,
				4E58EF5B2C3D5A39008AB47D /* GithubUserAdapter.swift in Sources */,
				4E58EF522C3D2DA1008AB47D /* GithubUser.swift in Sources */,
				4E58EF1A2C3D137A008AB47D /* Item.swift in Sources */,
				4E58EF552C3D315E008AB47D /* GithubUserResponse.swift in Sources */,
				4E58EF452C3D1B0D008AB47D /* Endpoint.swift in Sources */,
				4E58EF162C3D137A008AB47D /* GithubUsersApp.swift in Sources */,
				4E58EF4D2C3D243E008AB47D /* UsersEndpoint.swift in Sources */,
				4E58EF5F2C3D5F39008AB47D /* UserListView.swift in Sources */,
			);
			runOnlyForDeploymentPostprocessing = 0;
		};
		4E58EF202C3D137B008AB47D /* Sources */ = {
			isa = PBXSourcesBuildPhase;
			buildActionMask = 2147483647;
			files = (
				4E58EF292C3D137B008AB47D /* GithubUsersTests.swift in Sources */,
			);
			runOnlyForDeploymentPostprocessing = 0;
		};
		4E58EF2A2C3D137B008AB47D /* Sources */ = {
			isa = PBXSourcesBuildPhase;
			buildActionMask = 2147483647;
			files = (
				4E58EF352C3D137B008AB47D /* GithubUsersUITestsLaunchTests.swift in Sources */,
				4E58EF332C3D137B008AB47D /* GithubUsersUITests.swift in Sources */,
			);
			runOnlyForDeploymentPostprocessing = 0;
		};
/* End PBXSourcesBuildPhase section */

/* Begin PBXTargetDependency section */
		4E58EF262C3D137B008AB47D /* PBXTargetDependency */ = {
			isa = PBXTargetDependency;
			target = 4E58EF112C3D137A008AB47D /* GithubUsers */;
			targetProxy = 4E58EF252C3D137B008AB47D /* PBXContainerItemProxy */;
		};
		4E58EF302C3D137B008AB47D /* PBXTargetDependency */ = {
			isa = PBXTargetDependency;
			target = 4E58EF112C3D137A008AB47D /* GithubUsers */;
			targetProxy = 4E58EF2F2C3D137B008AB47D /* PBXContainerItemProxy */;
		};
/* End PBXTargetDependency section */

/* Begin XCBuildConfiguration section */
		4E58EF362C3D137B008AB47D /* Debug */ = {
			isa = XCBuildConfiguration;
			buildSettings = {
				ALWAYS_SEARCH_USER_PATHS = NO;
				ASSETCATALOG_COMPILER_GENERATE_SWIFT_ASSET_SYMBOL_EXTENSIONS = YES;
				CLANG_ANALYZER_NONNULL = YES;
				CLANG_ANALYZER_NUMBER_OBJECT_CONVERSION = YES_AGGRESSIVE;
				CLANG_CXX_LANGUAGE_STANDARD = "gnu++20";
				CLANG_ENABLE_MODULES = YES;
				CLANG_ENABLE_OBJC_ARC = YES;
				CLANG_ENABLE_OBJC_WEAK = YES;
				CLANG_WARN_BLOCK_CAPTURE_AUTORELEASING = YES;
				CLANG_WARN_BOOL_CONVERSION = YES;
				CLANG_WARN_COMMA = YES;
				CLANG_WARN_CONSTANT_CONVERSION = YES;
				CLANG_WARN_DEPRECATED_OBJC_IMPLEMENTATIONS = YES;
				CLANG_WARN_DIRECT_OBJC_ISA_USAGE = YES_ERROR;
				CLANG_WARN_DOCUMENTATION_COMMENTS = YES;
				CLANG_WARN_EMPTY_BODY = YES;
				CLANG_WARN_ENUM_CONVERSION = YES;
				CLANG_WARN_INFINITE_RECURSION = YES;
				CLANG_WARN_INT_CONVERSION = YES;
				CLANG_WARN_NON_LITERAL_NULL_CONVERSION = YES;
				CLANG_WARN_OBJC_IMPLICIT_RETAIN_SELF = YES;
				CLANG_WARN_OBJC_LITERAL_CONVERSION = YES;
				CLANG_WARN_OBJC_ROOT_CLASS = YES_ERROR;
				CLANG_WARN_QUOTED_INCLUDE_IN_FRAMEWORK_HEADER = YES;
				CLANG_WARN_RANGE_LOOP_ANALYSIS = YES;
				CLANG_WARN_STRICT_PROTOTYPES = YES;
				CLANG_WARN_SUSPICIOUS_MOVE = YES;
				CLANG_WARN_UNGUARDED_AVAILABILITY = YES_AGGRESSIVE;
				CLANG_WARN_UNREACHABLE_CODE = YES;
				CLANG_WARN__DUPLICATE_METHOD_MATCH = YES;
				COPY_PHASE_STRIP = NO;
				DEBUG_INFORMATION_FORMAT = dwarf;
				ENABLE_STRICT_OBJC_MSGSEND = YES;
				ENABLE_TESTABILITY = YES;
				ENABLE_USER_SCRIPT_SANDBOXING = YES;
				GCC_C_LANGUAGE_STANDARD = gnu17;
				GCC_DYNAMIC_NO_PIC = NO;
				GCC_NO_COMMON_BLOCKS = YES;
				GCC_OPTIMIZATION_LEVEL = 0;
				GCC_PREPROCESSOR_DEFINITIONS = (
					"DEBUG=1",
					"$(inherited)",
				);
				GCC_WARN_64_TO_32_BIT_CONVERSION = YES;
				GCC_WARN_ABOUT_RETURN_TYPE = YES_ERROR;
				GCC_WARN_UNDECLARED_SELECTOR = YES;
				GCC_WARN_UNINITIALIZED_AUTOS = YES_AGGRESSIVE;
				GCC_WARN_UNUSED_FUNCTION = YES;
				GCC_WARN_UNUSED_VARIABLE = YES;
				IPHONEOS_DEPLOYMENT_TARGET = 17.5;
				LOCALIZATION_PREFERS_STRING_CATALOGS = YES;
				MTL_ENABLE_DEBUG_INFO = INCLUDE_SOURCE;
				MTL_FAST_MATH = YES;
				ONLY_ACTIVE_ARCH = YES;
				SDKROOT = iphoneos;
				SWIFT_ACTIVE_COMPILATION_CONDITIONS = "DEBUG $(inherited)";
				SWIFT_OPTIMIZATION_LEVEL = "-Onone";
			};
			name = Debug;
		};
		4E58EF372C3D137B008AB47D /* Release */ = {
			isa = XCBuildConfiguration;
			buildSettings = {
				ALWAYS_SEARCH_USER_PATHS = NO;
				ASSETCATALOG_COMPILER_GENERATE_SWIFT_ASSET_SYMBOL_EXTENSIONS = YES;
				CLANG_ANALYZER_NONNULL = YES;
				CLANG_ANALYZER_NUMBER_OBJECT_CONVERSION = YES_AGGRESSIVE;
				CLANG_CXX_LANGUAGE_STANDARD = "gnu++20";
				CLANG_ENABLE_MODULES = YES;
				CLANG_ENABLE_OBJC_ARC = YES;
				CLANG_ENABLE_OBJC_WEAK = YES;
				CLANG_WARN_BLOCK_CAPTURE_AUTORELEASING = YES;
				CLANG_WARN_BOOL_CONVERSION = YES;
				CLANG_WARN_COMMA = YES;
				CLANG_WARN_CONSTANT_CONVERSION = YES;
				CLANG_WARN_DEPRECATED_OBJC_IMPLEMENTATIONS = YES;
				CLANG_WARN_DIRECT_OBJC_ISA_USAGE = YES_ERROR;
				CLANG_WARN_DOCUMENTATION_COMMENTS = YES;
				CLANG_WARN_EMPTY_BODY = YES;
				CLANG_WARN_ENUM_CONVERSION = YES;
				CLANG_WARN_INFINITE_RECURSION = YES;
				CLANG_WARN_INT_CONVERSION = YES;
				CLANG_WARN_NON_LITERAL_NULL_CONVERSION = YES;
				CLANG_WARN_OBJC_IMPLICIT_RETAIN_SELF = YES;
				CLANG_WARN_OBJC_LITERAL_CONVERSION = YES;
				CLANG_WARN_OBJC_ROOT_CLASS = YES_ERROR;
				CLANG_WARN_QUOTED_INCLUDE_IN_FRAMEWORK_HEADER = YES;
				CLANG_WARN_RANGE_LOOP_ANALYSIS = YES;
				CLANG_WARN_STRICT_PROTOTYPES = YES;
				CLANG_WARN_SUSPICIOUS_MOVE = YES;
				CLANG_WARN_UNGUARDED_AVAILABILITY = YES_AGGRESSIVE;
				CLANG_WARN_UNREACHABLE_CODE = YES;
				CLANG_WARN__DUPLICATE_METHOD_MATCH = YES;
				COPY_PHASE_STRIP = NO;
				DEBUG_INFORMATION_FORMAT = "dwarf-with-dsym";
				ENABLE_NS_ASSERTIONS = NO;
				ENABLE_STRICT_OBJC_MSGSEND = YES;
				ENABLE_USER_SCRIPT_SANDBOXING = YES;
				GCC_C_LANGUAGE_STANDARD = gnu17;
				GCC_NO_COMMON_BLOCKS = YES;
				GCC_WARN_64_TO_32_BIT_CONVERSION = YES;
				GCC_WARN_ABOUT_RETURN_TYPE = YES_ERROR;
				GCC_WARN_UNDECLARED_SELECTOR = YES;
				GCC_WARN_UNINITIALIZED_AUTOS = YES_AGGRESSIVE;
				GCC_WARN_UNUSED_FUNCTION = YES;
				GCC_WARN_UNUSED_VARIABLE = YES;
				IPHONEOS_DEPLOYMENT_TARGET = 17.5;
				LOCALIZATION_PREFERS_STRING_CATALOGS = YES;
				MTL_ENABLE_DEBUG_INFO = NO;
				MTL_FAST_MATH = YES;
				SDKROOT = iphoneos;
				SWIFT_COMPILATION_MODE = wholemodule;
				VALIDATE_PRODUCT = YES;
			};
			name = Release;
		};
		4E58EF392C3D137B008AB47D /* Debug */ = {
			isa = XCBuildConfiguration;
			buildSettings = {
				ASSETCATALOG_COMPILER_APPICON_NAME = AppIcon;
				ASSETCATALOG_COMPILER_GLOBAL_ACCENT_COLOR_NAME = AccentColor;
				CODE_SIGN_STYLE = Automatic;
				CURRENT_PROJECT_VERSION = 1;
				DEVELOPMENT_ASSET_PATHS = "\"GithubUsers/Preview Content\"";
				DEVELOPMENT_TEAM = N74TV576H8;
				ENABLE_PREVIEWS = YES;
				GENERATE_INFOPLIST_FILE = YES;
				INFOPLIST_KEY_UIApplicationSceneManifest_Generation = YES;
				INFOPLIST_KEY_UIApplicationSupportsIndirectInputEvents = YES;
				INFOPLIST_KEY_UILaunchScreen_Generation = YES;
				INFOPLIST_KEY_UISupportedInterfaceOrientations_iPad = "UIInterfaceOrientationPortrait UIInterfaceOrientationPortraitUpsideDown UIInterfaceOrientationLandscapeLeft UIInterfaceOrientationLandscapeRight";
				INFOPLIST_KEY_UISupportedInterfaceOrientations_iPhone = "UIInterfaceOrientationPortrait UIInterfaceOrientationLandscapeLeft UIInterfaceOrientationLandscapeRight";
				LD_RUNPATH_SEARCH_PATHS = (
					"$(inherited)",
					"@executable_path/Frameworks",
				);
				MARKETING_VERSION = 1.0;
				PRODUCT_BUNDLE_IDENTIFIER = org.dag.GithubUsers;
				PRODUCT_NAME = "$(TARGET_NAME)";
				SWIFT_EMIT_LOC_STRINGS = YES;
				SWIFT_VERSION = 5.0;
				TARGETED_DEVICE_FAMILY = "1,2";
			};
			name = Debug;
		};
		4E58EF3A2C3D137B008AB47D /* Release */ = {
			isa = XCBuildConfiguration;
			buildSettings = {
				ASSETCATALOG_COMPILER_APPICON_NAME = AppIcon;
				ASSETCATALOG_COMPILER_GLOBAL_ACCENT_COLOR_NAME = AccentColor;
				CODE_SIGN_STYLE = Automatic;
				CURRENT_PROJECT_VERSION = 1;
				DEVELOPMENT_ASSET_PATHS = "\"GithubUsers/Preview Content\"";
				DEVELOPMENT_TEAM = N74TV576H8;
				ENABLE_PREVIEWS = YES;
				GENERATE_INFOPLIST_FILE = YES;
				INFOPLIST_KEY_UIApplicationSceneManifest_Generation = YES;
				INFOPLIST_KEY_UIApplicationSupportsIndirectInputEvents = YES;
				INFOPLIST_KEY_UILaunchScreen_Generation = YES;
				INFOPLIST_KEY_UISupportedInterfaceOrientations_iPad = "UIInterfaceOrientationPortrait UIInterfaceOrientationPortraitUpsideDown UIInterfaceOrientationLandscapeLeft UIInterfaceOrientationLandscapeRight";
				INFOPLIST_KEY_UISupportedInterfaceOrientations_iPhone = "UIInterfaceOrientationPortrait UIInterfaceOrientationLandscapeLeft UIInterfaceOrientationLandscapeRight";
				LD_RUNPATH_SEARCH_PATHS = (
					"$(inherited)",
					"@executable_path/Frameworks",
				);
				MARKETING_VERSION = 1.0;
				PRODUCT_BUNDLE_IDENTIFIER = org.dag.GithubUsers;
				PRODUCT_NAME = "$(TARGET_NAME)";
				SWIFT_EMIT_LOC_STRINGS = YES;
				SWIFT_VERSION = 5.0;
				TARGETED_DEVICE_FAMILY = "1,2";
			};
			name = Release;
		};
		4E58EF3C2C3D137B008AB47D /* Debug */ = {
			isa = XCBuildConfiguration;
			buildSettings = {
				ALWAYS_EMBED_SWIFT_STANDARD_LIBRARIES = YES;
				BUNDLE_LOADER = "$(TEST_HOST)";
				CODE_SIGN_STYLE = Automatic;
				CURRENT_PROJECT_VERSION = 1;
				DEVELOPMENT_TEAM = N74TV576H8;
				GENERATE_INFOPLIST_FILE = YES;
				IPHONEOS_DEPLOYMENT_TARGET = 17.5;
				MARKETING_VERSION = 1.0;
				PRODUCT_BUNDLE_IDENTIFIER = org.dag.GithubUsersTests;
				PRODUCT_NAME = "$(TARGET_NAME)";
				SWIFT_EMIT_LOC_STRINGS = NO;
				SWIFT_VERSION = 5.0;
				TARGETED_DEVICE_FAMILY = "1,2";
				TEST_HOST = "$(BUILT_PRODUCTS_DIR)/GithubUsers.app/$(BUNDLE_EXECUTABLE_FOLDER_PATH)/GithubUsers";
			};
			name = Debug;
		};
		4E58EF3D2C3D137B008AB47D /* Release */ = {
			isa = XCBuildConfiguration;
			buildSettings = {
				ALWAYS_EMBED_SWIFT_STANDARD_LIBRARIES = YES;
				BUNDLE_LOADER = "$(TEST_HOST)";
				CODE_SIGN_STYLE = Automatic;
				CURRENT_PROJECT_VERSION = 1;
				DEVELOPMENT_TEAM = N74TV576H8;
				GENERATE_INFOPLIST_FILE = YES;
				IPHONEOS_DEPLOYMENT_TARGET = 17.5;
				MARKETING_VERSION = 1.0;
				PRODUCT_BUNDLE_IDENTIFIER = org.dag.GithubUsersTests;
				PRODUCT_NAME = "$(TARGET_NAME)";
				SWIFT_EMIT_LOC_STRINGS = NO;
				SWIFT_VERSION = 5.0;
				TARGETED_DEVICE_FAMILY = "1,2";
				TEST_HOST = "$(BUILT_PRODUCTS_DIR)/GithubUsers.app/$(BUNDLE_EXECUTABLE_FOLDER_PATH)/GithubUsers";
			};
			name = Release;
		};
		4E58EF3F2C3D137B008AB47D /* Debug */ = {
			isa = XCBuildConfiguration;
			buildSettings = {
				ALWAYS_EMBED_SWIFT_STANDARD_LIBRARIES = YES;
				CODE_SIGN_STYLE = Automatic;
				CURRENT_PROJECT_VERSION = 1;
				DEVELOPMENT_TEAM = N74TV576H8;
				GENERATE_INFOPLIST_FILE = YES;
				MARKETING_VERSION = 1.0;
				PRODUCT_BUNDLE_IDENTIFIER = org.dag.GithubUsersUITests;
				PRODUCT_NAME = "$(TARGET_NAME)";
				SWIFT_EMIT_LOC_STRINGS = NO;
				SWIFT_VERSION = 5.0;
				TARGETED_DEVICE_FAMILY = "1,2";
				TEST_TARGET_NAME = GithubUsers;
			};
			name = Debug;
		};
		4E58EF402C3D137B008AB47D /* Release */ = {
			isa = XCBuildConfiguration;
			buildSettings = {
				ALWAYS_EMBED_SWIFT_STANDARD_LIBRARIES = YES;
				CODE_SIGN_STYLE = Automatic;
				CURRENT_PROJECT_VERSION = 1;
				DEVELOPMENT_TEAM = N74TV576H8;
				GENERATE_INFOPLIST_FILE = YES;
				MARKETING_VERSION = 1.0;
				PRODUCT_BUNDLE_IDENTIFIER = org.dag.GithubUsersUITests;
				PRODUCT_NAME = "$(TARGET_NAME)";
				SWIFT_EMIT_LOC_STRINGS = NO;
				SWIFT_VERSION = 5.0;
				TARGETED_DEVICE_FAMILY = "1,2";
				TEST_TARGET_NAME = GithubUsers;
			};
			name = Release;
		};
/* End XCBuildConfiguration section */

/* Begin XCConfigurationList section */
		4E58EF0D2C3D137A008AB47D /* Build configuration list for PBXProject "GithubUsers" */ = {
			isa = XCConfigurationList;
			buildConfigurations = (
				4E58EF362C3D137B008AB47D /* Debug */,
				4E58EF372C3D137B008AB47D /* Release */,
			);
			defaultConfigurationIsVisible = 0;
			defaultConfigurationName = Release;
		};
		4E58EF382C3D137B008AB47D /* Build configuration list for PBXNativeTarget "GithubUsers" */ = {
			isa = XCConfigurationList;
			buildConfigurations = (
				4E58EF392C3D137B008AB47D /* Debug */,
				4E58EF3A2C3D137B008AB47D /* Release */,
			);
			defaultConfigurationIsVisible = 0;
			defaultConfigurationName = Release;
		};
		4E58EF3B2C3D137B008AB47D /* Build configuration list for PBXNativeTarget "GithubUsersTests" */ = {
			isa = XCConfigurationList;
			buildConfigurations = (
				4E58EF3C2C3D137B008AB47D /* Debug */,
				4E58EF3D2C3D137B008AB47D /* Release */,
			);
			defaultConfigurationIsVisible = 0;
			defaultConfigurationName = Release;
		};
		4E58EF3E2C3D137B008AB47D /* Build configuration list for PBXNativeTarget "GithubUsersUITests" */ = {
			isa = XCConfigurationList;
			buildConfigurations = (
				4E58EF3F2C3D137B008AB47D /* Debug */,
				4E58EF402C3D137B008AB47D /* Release */,
			);
			defaultConfigurationIsVisible = 0;
			defaultConfigurationName = Release;
		};
/* End XCConfigurationList section */
	};
	rootObject = 4E58EF0A2C3D137A008AB47D /* Project object */;
}
